
Microsoft Visual Studio Solution File, Format Version 12.00
# Visual Studio Version 17
VisualStudioVersion = 17.7.34221.43
MinimumVisualStudioVersion = 10.0.40219.1
Project("{FAE04EC0-301F-11D3-BF4B-00C04F79EFBC}") = "Articulos(Clases)", "Articulos(Clases)\Articulos(Clases).csproj", "{5322B9E4-6FCD-4A03-A7C5-71990E329068}"
EndProject
Global
	GlobalSection(SolutionConfigurationPlatforms) = preSolution
		Debug|Any CPU = Debug|Any CPU
		Release|Any CPU = Release|Any CPU
	EndGlobalSection
	GlobalSection(ProjectConfigurationPlatforms) = postSolution
		{5322B9E4-6FCD-4A03-A7C5-71990E329068}.Debug|Any CPU.ActiveCfg = Debug|Any CPU
		{5322B9E4-6FCD-4A03-A7C5-71990E329068}.Debug|Any CPU.Build.0 = Debug|Any CPU
		{5322B9E4-6FCD-4A03-A7C5-71990E329068}.Release|Any CPU.ActiveCfg = Release|Any CPU
		{5322B9E4-6FCD-4A03-A7C5-71990E329068}.Release|Any CPU.Build.0 = Release|Any CPU
	EndGlobalSection
	GlobalSection(SolutionProperties) = preSolution
		HideSolutionNode = FALSE
	EndGlobalSection
	GlobalSection(ExtensibilityGlobals) = postSolution
		SolutionGuid = {4B11AD22-8E31-4852-8AAA-9F6812FA74F1}
	EndGlobalSection
EndGlobal
