
Microsoft Visual Studio Solution File, Format Version 12.00
# Visual Studio Version 17
VisualStudioVersion = 17.7.34031.279
MinimumVisualStudioVersion = 10.0.40219.1
Project("{FAE04EC0-301F-11D3-BF4B-00C04F79EFBC}") = "Calculadora_Consola", "Calculadora_Consola.csproj", "{D202C927-6A81-419C-8472-193A0F5C8DAC}"
EndProject
Global
	GlobalSection(SolutionConfigurationPlatforms) = preSolution
		Debug|Any CPU = Debug|Any CPU
		Release|Any CPU = Release|Any CPU
	EndGlobalSection
	GlobalSection(ProjectConfigurationPlatforms) = postSolution
		{D202C927-6A81-419C-8472-193A0F5C8DAC}.Debug|Any CPU.ActiveCfg = Debug|Any CPU
		{D202C927-6A81-419C-8472-193A0F5C8DAC}.Debug|Any CPU.Build.0 = Debug|Any CPU
		{D202C927-6A81-419C-8472-193A0F5C8DAC}.Release|Any CPU.ActiveCfg = Release|Any CPU
		{D202C927-6A81-419C-8472-193A0F5C8DAC}.Release|Any CPU.Build.0 = Release|Any CPU
	EndGlobalSection
	GlobalSection(SolutionProperties) = preSolution
		HideSolutionNode = FALSE
	EndGlobalSection
	GlobalSection(ExtensibilityGlobals) = postSolution
		SolutionGuid = {91DF3C94-EB4B-4640-BC3A-66E8632CF4BC}
	EndGlobalSection
EndGlobal
